// !$*UTF8*$!
{
	archiveVersion = 1;
	classes = {
	};
	objectVersion = 55;
	objects = {

/* Begin PBXBuildFile section */
		5609A1C7280E361B007307F7 /* Story.json in Resources */ = {isa = PBXBuildFile; fileRef = 5609A1C6280E361B007307F7 /* Story.json */; };
		5609A1C9280ED972007307F7 /* APIRequest.swift in Sources */ = {isa = PBXBuildFile; fileRef = 5609A1C8280ED972007307F7 /* APIRequest.swift */; };
		5609A1CB280EDD26007307F7 /* NewsViewModel.swift in Sources */ = {isa = PBXBuildFile; fileRef = 5609A1CA280EDD26007307F7 /* NewsViewModel.swift */; };
		569BDE07280D8395006161FE /* Item.swift in Sources */ = {isa = PBXBuildFile; fileRef = 569BDE06280D8395006161FE /* Item.swift */; };
		569BDE09280DAE01006161FE /* TestData.swift in Sources */ = {isa = PBXBuildFile; fileRef = 569BDE08280DAE01006161FE /* TestData.swift */; };
		56E8F7D9280CF69600363EF7 /* HackerNews.swift in Sources */ = {isa = PBXBuildFile; fileRef = 56E8F7D8280CF69600363EF7 /* HackerNews.swift */; };
		56E8F7DB280CF69600363EF7 /* NewsView.swift in Sources */ = {isa = PBXBuildFile; fileRef = 56E8F7DA280CF69600363EF7 /* NewsView.swift */; };
		56E8F7DD280CF69A00363EF7 /* Assets.xcassets in Resources */ = {isa = PBXBuildFile; fileRef = 56E8F7DC280CF69A00363EF7 /* Assets.xcassets */; };
		56E8F7E0280CF69A00363EF7 /* Preview Assets.xcassets in Resources */ = {isa = PBXBuildFile; fileRef = 56E8F7DF280CF69A00363EF7 /* Preview Assets.xcassets */; };
/* End PBXBuildFile section */

/* Begin PBXFileReference section */
		5609A1C6280E361B007307F7 /* Story.json */ = {isa = PBXFileReference; fileEncoding = 4; lastKnownFileType = text.json; path = Story.json; sourceTree = "<group>"; };
		5609A1C8280ED972007307F7 /* APIRequest.swift */ = {isa = PBXFileReference; lastKnownFileType = sourcecode.swift; path = APIRequest.swift; sourceTree = "<group>"; };
		5609A1CA280EDD26007307F7 /* NewsViewModel.swift */ = {isa = PBXFileReference; lastKnownFileType = sourcecode.swift; path = NewsViewModel.swift; sourceTree = "<group>"; };
		569BDE06280D8395006161FE /* Item.swift */ = {isa = PBXFileReference; lastKnownFileType = sourcecode.swift; path = Item.swift; sourceTree = "<group>"; };
		569BDE08280DAE01006161FE /* TestData.swift */ = {isa = PBXFileReference; lastKnownFileType = sourcecode.swift; path = TestData.swift; sourceTree = "<group>"; };
		56E8F7D5280CF69600363EF7 /* HackerNesApp.app */ = {isa = PBXFileReference; explicitFileType = wrapper.application; includeInIndex = 0; path = HackerNesApp.app; sourceTree = BUILT_PRODUCTS_DIR; };
		56E8F7D8280CF69600363EF7 /* HackerNews.swift */ = {isa = PBXFileReference; lastKnownFileType = sourcecode.swift; path = HackerNews.swift; sourceTree = "<group>"; };
		56E8F7DA280CF69600363EF7 /* NewsView.swift */ = {isa = PBXFileReference; lastKnownFileType = sourcecode.swift; path = NewsView.swift; sourceTree = "<group>"; };
		56E8F7DC280CF69A00363EF7 /* Assets.xcassets */ = {isa = PBXFileReference; lastKnownFileType = folder.assetcatalog; path = Assets.xcassets; sourceTree = "<group>"; };
		56E8F7DF280CF69A00363EF7 /* Preview Assets.xcassets */ = {isa = PBXFileReference; lastKnownFileType = folder.assetcatalog; path = "Preview Assets.xcassets"; sourceTree = "<group>"; };
/* End PBXFileReference section */

/* Begin PBXFrameworksBuildPhase section */
		56E8F7D2280CF69600363EF7 /* Frameworks */ = {
			isa = PBXFrameworksBuildPhase;
			buildActionMask = 2147483647;
			files = (
			);
			runOnlyForDeploymentPostprocessing = 0;
		};
/* End PBXFrameworksBuildPhase section */

/* Begin PBXGroup section */
		56E8F7CC280CF69600363EF7 = {
			isa = PBXGroup;
			children = (
				56E8F7D7280CF69600363EF7 /* HackerNesApp */,
				56E8F7D6280CF69600363EF7 /* Products */,
			);
			sourceTree = "<group>";
		};
		56E8F7D6280CF69600363EF7 /* Products */ = {
			isa = PBXGroup;
			children = (
				56E8F7D5280CF69600363EF7 /* HackerNesApp.app */,
			);
			name = Products;
			sourceTree = "<group>";
		};
		56E8F7D7280CF69600363EF7 /* HackerNesApp */ = {
			isa = PBXGroup;
			children = (
				56E8F7D8280CF69600363EF7 /* HackerNews.swift */,
				56E8F7DA280CF69600363EF7 /* NewsView.swift */,
				5609A1CA280EDD26007307F7 /* NewsViewModel.swift */,
				5609A1C8280ED972007307F7 /* APIRequest.swift */,
				569BDE06280D8395006161FE /* Item.swift */,
				5609A1C6280E361B007307F7 /* Story.json */,
				56E8F7DC280CF69A00363EF7 /* Assets.xcassets */,
				56E8F7DE280CF69A00363EF7 /* Preview Content */,
			);
			path = HackerNesApp;
			sourceTree = "<group>";
		};
		56E8F7DE280CF69A00363EF7 /* Preview Content */ = {
			isa = PBXGroup;
			children = (
				56E8F7DF280CF69A00363EF7 /* Preview Assets.xcassets */,
				569BDE08280DAE01006161FE /* TestData.swift */,
			);
			path = "Preview Content";
			sourceTree = "<group>";
		};
/* End PBXGroup section */

/* Begin PBXNativeTarget section */
		56E8F7D4280CF69600363EF7 /* HackerNesApp */ = {
			isa = PBXNativeTarget;
			buildConfigurationList = 56E8F7E3280CF69A00363EF7 /* Build configuration list for PBXNativeTarget "HackerNesApp" */;
			buildPhases = (
				56E8F7D1280CF69600363EF7 /* Sources */,
				56E8F7D2280CF69600363EF7 /* Frameworks */,
				56E8F7D3280CF69600363EF7 /* Resources */,
			);
			buildRules = (
			);
			dependencies = (
			);
			name = HackerNesApp;
			productName = HackerNesApp;
			productReference = 56E8F7D5280CF69600363EF7 /* HackerNesApp.app */;
			productType = "com.apple.product-type.application";
		};
/* End PBXNativeTarget section */

/* Begin PBXProject section */
		56E8F7CD280CF69600363EF7 /* Project object */ = {
			isa = PBXProject;
			attributes = {
				BuildIndependentTargetsInParallel = 1;
				LastSwiftUpdateCheck = 1320;
				LastUpgradeCheck = 1320;
				TargetAttributes = {
					56E8F7D4280CF69600363EF7 = {
						CreatedOnToolsVersion = 13.2;
					};
				};
			};
			buildConfigurationList = 56E8F7D0280CF69600363EF7 /* Build configuration list for PBXProject "HackerNesApp" */;
			compatibilityVersion = "Xcode 13.0";
			developmentRegion = en;
			hasScannedForEncodings = 0;
			knownRegions = (
				en,
				Base,
			);
			mainGroup = 56E8F7CC280CF69600363EF7;
			productRefGroup = 56E8F7D6280CF69600363EF7 /* Products */;
			projectDirPath = "";
			projectRoot = "";
			targets = (
				56E8F7D4280CF69600363EF7 /* HackerNesApp */,
			);
		};
/* End PBXProject section */

/* Begin PBXResourcesBuildPhase section */
		56E8F7D3280CF69600363EF7 /* Resources */ = {
			isa = PBXResourcesBuildPhase;
			buildActionMask = 2147483647;
			files = (
				5609A1C7280E361B007307F7 /* Story.json in Resources */,
				56E8F7E0280CF69A00363EF7 /* Preview Assets.xcassets in Resources */,
				56E8F7DD280CF69A00363EF7 /* Assets.xcassets in Resources */,
			);
			runOnlyForDeploymentPostprocessing = 0;
		};
/* End PBXResourcesBuildPhase section */

/* Begin PBXSourcesBuildPhase section */
		56E8F7D1280CF69600363EF7 /* Sources */ = {
			isa = PBXSourcesBuildPhase;
			buildActionMask = 2147483647;
			files = (
				56E8F7DB280CF69600363EF7 /* NewsView.swift in Sources */,
				5609A1CB280EDD26007307F7 /* NewsViewModel.swift in Sources */,
				569BDE07280D8395006161FE /* Item.swift in Sources */,
				56E8F7D9280CF69600363EF7 /* HackerNews.swift in Sources */,
				5609A1C9280ED972007307F7 /* APIRequest.swift in Sources */,
				569BDE09280DAE01006161FE /* TestData.swift in Sources */,
			);
			runOnlyForDeploymentPostprocessing = 0;
		};
/* End PBXSourcesBuildPhase section */

/* Begin XCBuildConfiguration section */
		56E8F7E1280CF69A00363EF7 /* Debug */ = {
			isa = XCBuildConfiguration;
			buildSettings = {
				ALWAYS_SEARCH_USER_PATHS = NO;
				CLANG_ANALYZER_NONNULL = YES;
				CLANG_ANALYZER_NUMBER_OBJECT_CONVERSION = YES_AGGRESSIVE;
				CLANG_CXX_LANGUAGE_STANDARD = "gnu++17";
				CLANG_CXX_LIBRARY = "libc++";
				CLANG_ENABLE_MODULES = YES;
				CLANG_ENABLE_OBJC_ARC = YES;
				CLANG_ENABLE_OBJC_WEAK = YES;
				CLANG_WARN_BLOCK_CAPTURE_AUTORELEASING = YES;
				CLANG_WARN_BOOL_CONVERSION = YES;
				CLANG_WARN_COMMA = YES;
				CLANG_WARN_CONSTANT_CONVERSION = YES;
				CLANG_WARN_DEPRECATED_OBJC_IMPLEMENTATIONS = YES;
				CLANG_WARN_DIRECT_OBJC_ISA_USAGE = YES_ERROR;
				CLANG_WARN_DOCUMENTATION_COMMENTS = YES;
				CLANG_WARN_EMPTY_BODY = YES;
				CLANG_WARN_ENUM_CONVERSION = YES;
				CLANG_WARN_INFINITE_RECURSION = YES;
				CLANG_WARN_INT_CONVERSION = YES;
				CLANG_WARN_NON_LITERAL_NULL_CONVERSION = YES;
				CLANG_WARN_OBJC_IMPLICIT_RETAIN_SELF = YES;
				CLANG_WARN_OBJC_LITERAL_CONVERSION = YES;
				CLANG_WARN_OBJC_ROOT_CLASS = YES_ERROR;
				CLANG_WARN_QUOTED_INCLUDE_IN_FRAMEWORK_HEADER = YES;
				CLANG_WARN_RANGE_LOOP_ANALYSIS = YES;
				CLANG_WARN_STRICT_PROTOTYPES = YES;
				CLANG_WARN_SUSPICIOUS_MOVE = YES;
				CLANG_WARN_UNGUARDED_AVAILABILITY = YES_AGGRESSIVE;
				CLANG_WARN_UNREACHABLE_CODE = YES;
				CLANG_WARN__DUPLICATE_METHOD_MATCH = YES;
				COPY_PHASE_STRIP = NO;
				DEBUG_INFORMATION_FORMAT = dwarf;
				ENABLE_STRICT_OBJC_MSGSEND = YES;
				ENABLE_TESTABILITY = YES;
				GCC_C_LANGUAGE_STANDARD = gnu11;
				GCC_DYNAMIC_NO_PIC = NO;
				GCC_NO_COMMON_BLOCKS = YES;
				GCC_OPTIMIZATION_LEVEL = 0;
				GCC_PREPROCESSOR_DEFINITIONS = (
					"DEBUG=1",
					"$(inherited)",
				);
				GCC_WARN_64_TO_32_BIT_CONVERSION = YES;
				GCC_WARN_ABOUT_RETURN_TYPE = YES_ERROR;
				GCC_WARN_UNDECLARED_SELECTOR = YES;
				GCC_WARN_UNINITIALIZED_AUTOS = YES_AGGRESSIVE;
				GCC_WARN_UNUSED_FUNCTION = YES;
				GCC_WARN_UNUSED_VARIABLE = YES;
				IPHONEOS_DEPLOYMENT_TARGET = 14.0;
				MTL_ENABLE_DEBUG_INFO = INCLUDE_SOURCE;
				MTL_FAST_MATH = YES;
				ONLY_ACTIVE_ARCH = YES;
				SDKROOT = iphoneos;
				SWIFT_ACTIVE_COMPILATION_CONDITIONS = DEBUG;
				SWIFT_OPTIMIZATION_LEVEL = "-Onone";
			};
			name = Debug;
		};
		56E8F7E2280CF69A00363EF7 /* Release */ = {
			isa = XCBuildConfiguration;
			buildSettings = {
				ALWAYS_SEARCH_USER_PATHS = NO;
				CLANG_ANALYZER_NONNULL = YES;
				CLANG_ANALYZER_NUMBER_OBJECT_CONVERSION = YES_AGGRESSIVE;
				CLANG_CXX_LANGUAGE_STANDARD = "gnu++17";
				CLANG_CXX_LIBRARY = "libc++";
				CLANG_ENABLE_MODULES = YES;
				CLANG_ENABLE_OBJC_ARC = YES;
				CLANG_ENABLE_OBJC_WEAK = YES;
				CLANG_WARN_BLOCK_CAPTURE_AUTORELEASING = YES;
				CLANG_WARN_BOOL_CONVERSION = YES;
				CLANG_WARN_COMMA = YES;
				CLANG_WARN_CONSTANT_CONVERSION = YES;
				CLANG_WARN_DEPRECATED_OBJC_IMPLEMENTATIONS = YES;
				CLANG_WARN_DIRECT_OBJC_ISA_USAGE = YES_ERROR;
				CLANG_WARN_DOCUMENTATION_COMMENTS = YES;
				CLANG_WARN_EMPTY_BODY = YES;
				CLANG_WARN_ENUM_CONVERSION = YES;
				CLANG_WARN_INFINITE_RECURSION = YES;
				CLANG_WARN_INT_CONVERSION = YES;
				CLANG_WARN_NON_LITERAL_NULL_CONVERSION = YES;
				CLANG_WARN_OBJC_IMPLICIT_RETAIN_SELF = YES;
				CLANG_WARN_OBJC_LITERAL_CONVERSION = YES;
				CLANG_WARN_OBJC_ROOT_CLASS = YES_ERROR;
				CLANG_WARN_QUOTED_INCLUDE_IN_FRAMEWORK_HEADER = YES;
				CLANG_WARN_RANGE_LOOP_ANALYSIS = YES;
				CLANG_WARN_STRICT_PROTOTYPES = YES;
				CLANG_WARN_SUSPICIOUS_MOVE = YES;
				CLANG_WARN_UNGUARDED_AVAILABILITY = YES_AGGRESSIVE;
				CLANG_WARN_UNREACHABLE_CODE = YES;
				CLANG_WARN__DUPLICATE_METHOD_MATCH = YES;
				COPY_PHASE_STRIP = NO;
				DEBUG_INFORMATION_FORMAT = "dwarf-with-dsym";
				ENABLE_NS_ASSERTIONS = NO;
				ENABLE_STRICT_OBJC_MSGSEND = YES;
				GCC_C_LANGUAGE_STANDARD = gnu11;
				GCC_NO_COMMON_BLOCKS = YES;
				GCC_WARN_64_TO_32_BIT_CONVERSION = YES;
				GCC_WARN_ABOUT_RETURN_TYPE = YES_ERROR;
				GCC_WARN_UNDECLARED_SELECTOR = YES;
				GCC_WARN_UNINITIALIZED_AUTOS = YES_AGGRESSIVE;
				GCC_WARN_UNUSED_FUNCTION = YES;
				GCC_WARN_UNUSED_VARIABLE = YES;
				IPHONEOS_DEPLOYMENT_TARGET = 14.0;
				MTL_ENABLE_DEBUG_INFO = NO;
				MTL_FAST_MATH = YES;
				SDKROOT = iphoneos;
				SWIFT_COMPILATION_MODE = wholemodule;
				SWIFT_OPTIMIZATION_LEVEL = "-O";
				VALIDATE_PRODUCT = YES;
			};
			name = Release;
		};
		56E8F7E4280CF69A00363EF7 /* Debug */ = {
			isa = XCBuildConfiguration;
			buildSettings = {
				ASSETCATALOG_COMPILER_APPICON_NAME = AppIcon;
				ASSETCATALOG_COMPILER_GLOBAL_ACCENT_COLOR_NAME = AccentColor;
				CODE_SIGN_STYLE = Automatic;
				CURRENT_PROJECT_VERSION = 1;
				DEVELOPMENT_ASSET_PATHS = "\"HackerNesApp/Preview Content\"";
				DEVELOPMENT_TEAM = WMN3W52C7Q;
				ENABLE_PREVIEWS = YES;
				GENERATE_INFOPLIST_FILE = YES;
				INFOPLIST_KEY_UIApplicationSceneManifest_Generation = YES;
				INFOPLIST_KEY_UIApplicationSupportsIndirectInputEvents = YES;
				INFOPLIST_KEY_UILaunchScreen_Generation = YES;
				INFOPLIST_KEY_UISupportedInterfaceOrientations_iPad = "UIInterfaceOrientationPortrait UIInterfaceOrientationPortraitUpsideDown UIInterfaceOrientationLandscapeLeft UIInterfaceOrientationLandscapeRight";
				INFOPLIST_KEY_UISupportedInterfaceOrientations_iPhone = "UIInterfaceOrientationPortrait UIInterfaceOrientationLandscapeLeft UIInterfaceOrientationLandscapeRight";
				LD_RUNPATH_SEARCH_PATHS = (
					"$(inherited)",
					"@executable_path/Frameworks",
				);
				MARKETING_VERSION = 1.0;
				PRODUCT_BUNDLE_IDENTIFIER = com.johnHur.HackerNesApp;
				PRODUCT_NAME = "$(TARGET_NAME)";
				SWIFT_EMIT_LOC_STRINGS = YES;
				SWIFT_VERSION = 5.0;
				TARGETED_DEVICE_FAMILY = "1,2";
			};
			name = Debug;
		};
		56E8F7E5280CF69A00363EF7 /* Release */ = {
			isa = XCBuildConfiguration;
			buildSettings = {
				ASSETCATALOG_COMPILER_APPICON_NAME = AppIcon;
				ASSETCATALOG_COMPILER_GLOBAL_ACCENT_COLOR_NAME = AccentColor;
				CODE_SIGN_STYLE = Automatic;
				CURRENT_PROJECT_VERSION = 1;
				DEVELOPMENT_ASSET_PATHS = "\"HackerNesApp/Preview Content\"";
				DEVELOPMENT_TEAM = WMN3W52C7Q;
				ENABLE_PREVIEWS = YES;
				GENERATE_INFOPLIST_FILE = YES;
				INFOPLIST_KEY_UIApplicationSceneManifest_Generation = YES;
				INFOPLIST_KEY_UIApplicationSupportsIndirectInputEvents = YES;
				INFOPLIST_KEY_UILaunchScreen_Generation = YES;
				INFOPLIST_KEY_UISupportedInterfaceOrientations_iPad = "UIInterfaceOrientationPortrait UIInterfaceOrientationPortraitUpsideDown UIInterfaceOrientationLandscapeLeft UIInterfaceOrientationLandscapeRight";
				INFOPLIST_KEY_UISupportedInterfaceOrientations_iPhone = "UIInterfaceOrientationPortrait UIInterfaceOrientationLandscapeLeft UIInterfaceOrientationLandscapeRight";
				LD_RUNPATH_SEARCH_PATHS = (
					"$(inherited)",
					"@executable_path/Frameworks",
				);
				MARKETING_VERSION = 1.0;
				PRODUCT_BUNDLE_IDENTIFIER = com.johnHur.HackerNesApp;
				PRODUCT_NAME = "$(TARGET_NAME)";
				SWIFT_EMIT_LOC_STRINGS = YES;
				SWIFT_VERSION = 5.0;
				TARGETED_DEVICE_FAMILY = "1,2";
			};
			name = Release;
		};
/* End XCBuildConfiguration section */

/* Begin XCConfigurationList section */
		56E8F7D0280CF69600363EF7 /* Build configuration list for PBXProject "HackerNesApp" */ = {
			isa = XCConfigurationList;
			buildConfigurations = (
				56E8F7E1280CF69A00363EF7 /* Debug */,
				56E8F7E2280CF69A00363EF7 /* Release */,
			);
			defaultConfigurationIsVisible = 0;
			defaultConfigurationName = Release;
		};
		56E8F7E3280CF69A00363EF7 /* Build configuration list for PBXNativeTarget "HackerNesApp" */ = {
			isa = XCConfigurationList;
			buildConfigurations = (
				56E8F7E4280CF69A00363EF7 /* Debug */,
				56E8F7E5280CF69A00363EF7 /* Release */,
			);
			defaultConfigurationIsVisible = 0;
			defaultConfigurationName = Release;
		};
/* End XCConfigurationList section */
	};
	rootObject = 56E8F7CD280CF69600363EF7 /* Project object */;
}
